// !$*UTF8*$!
{
	archiveVersion = 1;
	classes = {
	};
	objectVersion = 50;
	objects = {

/* Begin PBXBuildFile section */
		7A1D0AEB20B9F7FC00854166 /* ZebraLink.m in Sources */ = {isa = PBXBuildFile; fileRef = 7A1D0AEA20B9F7FC00854166 /* ZebraLink.m */; };
		7A1D0AEC20B9F7FC00854166 /* ZebraLink.h in CopyFiles */ = {isa = PBXBuildFile; fileRef = 7A1D0AE920B9F7FC00854166 /* ZebraLink.h */; };
/* End PBXBuildFile section */

/* Begin PBXContainerItemProxy section */
		7A64DBC920BB413B0094F940 /* PBXContainerItemProxy */ = {
			isa = PBXContainerItemProxy;
			containerPortal = 7A64DBB620BB413B0094F940 /* React.xcodeproj */;
			proxyType = 2;
			remoteGlobalIDString = 83CBBA2E1A601D0E00E9B192;
			remoteInfo = React;
		};
		7A64DBCB20BB413B0094F940 /* PBXContainerItemProxy */ = {
			isa = PBXContainerItemProxy;
			containerPortal = 7A64DBB620BB413B0094F940 /* React.xcodeproj */;
			proxyType = 2;
			remoteGlobalIDString = 2D2A28131D9B038B00D4039D;
			remoteInfo = "React-tvOS";
		};
		7A64DBCD20BB413B0094F940 /* PBXContainerItemProxy */ = {
			isa = PBXContainerItemProxy;
			containerPortal = 7A64DBB620BB413B0094F940 /* React.xcodeproj */;
			proxyType = 2;
			remoteGlobalIDString = 3D3C059A1DE3340900C268FA;
			remoteInfo = yoga;
		};
		7A64DBCF20BB413B0094F940 /* PBXContainerItemProxy */ = {
			isa = PBXContainerItemProxy;
			containerPortal = 7A64DBB620BB413B0094F940 /* React.xcodeproj */;
			proxyType = 2;
			remoteGlobalIDString = 3D3C06751DE3340C00C268FA;
			remoteInfo = "yoga-tvOS";
		};
		7A64DBD120BB413B0094F940 /* PBXContainerItemProxy */ = {
			isa = PBXContainerItemProxy;
			containerPortal = 7A64DBB620BB413B0094F940 /* React.xcodeproj */;
			proxyType = 2;
			remoteGlobalIDString = 3D3CD9251DE5FBEC00167DC4;
			remoteInfo = cxxreact;
		};
		7A64DBD320BB413B0094F940 /* PBXContainerItemProxy */ = {
			isa = PBXContainerItemProxy;
			containerPortal = 7A64DBB620BB413B0094F940 /* React.xcodeproj */;
			proxyType = 2;
			remoteGlobalIDString = 3D3CD9321DE5FBEE00167DC4;
			remoteInfo = "cxxreact-tvOS";
		};
		7A64DBD520BB413B0094F940 /* PBXContainerItemProxy */ = {
			isa = PBXContainerItemProxy;
			containerPortal = 7A64DBB620BB413B0094F940 /* React.xcodeproj */;
			proxyType = 2;
			remoteGlobalIDString = 3D3CD90B1DE5FBD600167DC4;
			remoteInfo = jschelpers;
		};
		7A64DBD720BB413B0094F940 /* PBXContainerItemProxy */ = {
			isa = PBXContainerItemProxy;
			containerPortal = 7A64DBB620BB413B0094F940 /* React.xcodeproj */;
			proxyType = 2;
			remoteGlobalIDString = 3D3CD9181DE5FBD800167DC4;
			remoteInfo = "jschelpers-tvOS";
		};
		7A64DBD920BB413B0094F940 /* PBXContainerItemProxy */ = {
			isa = PBXContainerItemProxy;
			containerPortal = 7A64DBB620BB413B0094F940 /* React.xcodeproj */;
			proxyType = 2;
			remoteGlobalIDString = EBF21BDC1FC498900052F4D5;
			remoteInfo = jsinspector;
		};
		7A64DBDB20BB413B0094F940 /* PBXContainerItemProxy */ = {
			isa = PBXContainerItemProxy;
			containerPortal = 7A64DBB620BB413B0094F940 /* React.xcodeproj */;
			proxyType = 2;
			remoteGlobalIDString = EBF21BFA1FC4989A0052F4D5;
			remoteInfo = "jsinspector-tvOS";
		};
		7A64DBDD20BB413B0094F940 /* PBXContainerItemProxy */ = {
			isa = PBXContainerItemProxy;
			containerPortal = 7A64DBB620BB413B0094F940 /* React.xcodeproj */;
			proxyType = 2;
			remoteGlobalIDString = 139D7ECE1E25DB7D00323FB7;
			remoteInfo = "third-party";
		};
		7A64DBDF20BB413B0094F940 /* PBXContainerItemProxy */ = {
			isa = PBXContainerItemProxy;
			containerPortal = 7A64DBB620BB413B0094F940 /* React.xcodeproj */;
			proxyType = 2;
			remoteGlobalIDString = 3D383D3C1EBD27B6005632C8;
			remoteInfo = "third-party-tvOS";
		};
		7A64DBE120BB413B0094F940 /* PBXContainerItemProxy */ = {
			isa = PBXContainerItemProxy;
			containerPortal = 7A64DBB620BB413B0094F940 /* React.xcodeproj */;
			proxyType = 2;
			remoteGlobalIDString = 139D7E881E25C6D100323FB7;
			remoteInfo = "double-conversion";
		};
		7A64DBE320BB413B0094F940 /* PBXContainerItemProxy */ = {
			isa = PBXContainerItemProxy;
			containerPortal = 7A64DBB620BB413B0094F940 /* React.xcodeproj */;
			proxyType = 2;
			remoteGlobalIDString = 3D383D621EBD27B9005632C8;
			remoteInfo = "double-conversion-tvOS";
		};
		7A64DBE520BB413B0094F940 /* PBXContainerItemProxy */ = {
			isa = PBXContainerItemProxy;
			containerPortal = 7A64DBB620BB413B0094F940 /* React.xcodeproj */;
			proxyType = 2;
			remoteGlobalIDString = 9936F3131F5F2E4B0010BF04;
			remoteInfo = privatedata;
		};
		7A64DBE720BB413B0094F940 /* PBXContainerItemProxy */ = {
			isa = PBXContainerItemProxy;
			containerPortal = 7A64DBB620BB413B0094F940 /* React.xcodeproj */;
			proxyType = 2;
			remoteGlobalIDString = 9936F32F1F5F2E5B0010BF04;
			remoteInfo = "privatedata-tvOS";
		};
		7A64DBE920BB41490094F940 /* PBXContainerItemProxy */ = {
			isa = PBXContainerItemProxy;
			containerPortal = 7A64DBB620BB413B0094F940 /* React.xcodeproj */;
			proxyType = 1;
			remoteGlobalIDString = 83CBBA2D1A601D0E00E9B192;
			remoteInfo = React;
		};
/* End PBXContainerItemProxy section */

/* Begin PBXCopyFilesBuildPhase section */
		7A1D0AE420B9F7FC00854166 /* CopyFiles */ = {
			isa = PBXCopyFilesBuildPhase;
			buildActionMask = 2147483647;
			dstPath = "include/$(PRODUCT_NAME)";
			dstSubfolderSpec = 16;
			files = (
				7A1D0AEC20B9F7FC00854166 /* ZebraLink.h in CopyFiles */,
			);
			runOnlyForDeploymentPostprocessing = 0;
		};
/* End PBXCopyFilesBuildPhase section */

/* Begin PBXFileReference section */
		7A1D0AE620B9F7FC00854166 /* libZebraLink.a */ = {isa = PBXFileReference; explicitFileType = archive.ar; includeInIndex = 0; path = libZebraLink.a; sourceTree = BUILT_PRODUCTS_DIR; };
		7A1D0AE920B9F7FC00854166 /* ZebraLink.h */ = {isa = PBXFileReference; lastKnownFileType = sourcecode.c.h; path = ZebraLink.h; sourceTree = "<group>"; };
		7A1D0AEA20B9F7FC00854166 /* ZebraLink.m */ = {isa = PBXFileReference; lastKnownFileType = sourcecode.c.objc; path = ZebraLink.m; sourceTree = "<group>"; };
		7A64DBB620BB413B0094F940 /* React.xcodeproj */ = {isa = PBXFileReference; lastKnownFileType = "wrapper.pb-project"; name = React.xcodeproj; path = "../../ZebraExample/node_modules/react-native/React/React.xcodeproj"; sourceTree = "<group>"; };
		7AD242A420BA21FD00A1055D /* libZSDK_API.a */ = {isa = PBXFileReference; lastKnownFileType = archive.ar; path = libZSDK_API.a; sourceTree = "<group>"; };
/* End PBXFileReference section */

/* Begin PBXFrameworksBuildPhase section */
		7A1D0AE320B9F7FC00854166 /* Frameworks */ = {
			isa = PBXFrameworksBuildPhase;
			buildActionMask = 2147483647;
			files = (
			);
			runOnlyForDeploymentPostprocessing = 0;
		};
/* End PBXFrameworksBuildPhase section */

/* Begin PBXGroup section */
		7A1D0ADD20B9F7FC00854166 = {
			isa = PBXGroup;
			children = (
				7A4A82DA20BA57EC00CE8D9A /* Libraries */,
				7AD242A320BA21F500A1055D /* Frameworks */,
				7A1D0AE820B9F7FC00854166 /* ZebraLink */,
				7A1D0AE720B9F7FC00854166 /* Products */,
			);
			sourceTree = "<group>";
		};
		7A1D0AE720B9F7FC00854166 /* Products */ = {
			isa = PBXGroup;
			children = (
				7A1D0AE620B9F7FC00854166 /* libZebraLink.a */,
			);
			name = Products;
			sourceTree = "<group>";
		};
		7A1D0AE820B9F7FC00854166 /* ZebraLink */ = {
			isa = PBXGroup;
			children = (
				7A1D0AE920B9F7FC00854166 /* ZebraLink.h */,
				7A1D0AEA20B9F7FC00854166 /* ZebraLink.m */,
			);
			path = ZebraLink;
			sourceTree = "<group>";
		};
		7A4A82DA20BA57EC00CE8D9A /* Libraries */ = {
			isa = PBXGroup;
			children = (
				7A64DBB620BB413B0094F940 /* React.xcodeproj */,
			);
			path = Libraries;
			sourceTree = "<group>";
		};
		7A64DBB720BB413B0094F940 /* Products */ = {
			isa = PBXGroup;
			children = (
				7A64DBCA20BB413B0094F940 /* libReact.a */,
				7A64DBCC20BB413B0094F940 /* libReact.a */,
				7A64DBCE20BB413B0094F940 /* libyoga.a */,
				7A64DBD020BB413B0094F940 /* libyoga.a */,
				7A64DBD220BB413B0094F940 /* libcxxreact.a */,
				7A64DBD420BB413B0094F940 /* libcxxreact.a */,
				7A64DBD620BB413B0094F940 /* libjschelpers.a */,
				7A64DBD820BB413B0094F940 /* libjschelpers.a */,
				7A64DBDA20BB413B0094F940 /* libjsinspector.a */,
				7A64DBDC20BB413B0094F940 /* libjsinspector-tvOS.a */,
				7A64DBDE20BB413B0094F940 /* libthird-party.a */,
				7A64DBE020BB413B0094F940 /* libthird-party.a */,
				7A64DBE220BB413B0094F940 /* libdouble-conversion.a */,
				7A64DBE420BB413B0094F940 /* libdouble-conversion.a */,
				7A64DBE620BB413B0094F940 /* libprivatedata.a */,
				7A64DBE820BB413B0094F940 /* libprivatedata-tvOS.a */,
			);
			name = Products;
			sourceTree = "<group>";
		};
		7AD242A320BA21F500A1055D /* Frameworks */ = {
			isa = PBXGroup;
			children = (
				7AD242A420BA21FD00A1055D /* libZSDK_API.a */,
			);
			path = Frameworks;
			sourceTree = "<group>";
		};
/* End PBXGroup section */

/* Begin PBXNativeTarget section */
		7A1D0AE520B9F7FC00854166 /* ZebraLink */ = {
			isa = PBXNativeTarget;
			buildConfigurationList = 7A1D0AEF20B9F7FC00854166 /* Build configuration list for PBXNativeTarget "ZebraLink" */;
			buildPhases = (
				7A1D0AE220B9F7FC00854166 /* Sources */,
				7A1D0AE320B9F7FC00854166 /* Frameworks */,
				7A1D0AE420B9F7FC00854166 /* CopyFiles */,
			);
			buildRules = (
			);
			dependencies = (
				7A64DBEA20BB41490094F940 /* PBXTargetDependency */,
			);
			name = ZebraLink;
			productName = RNZebraLink;
			productReference = 7A1D0AE620B9F7FC00854166 /* libZebraLink.a */;
			productType = "com.apple.product-type.library.static";
		};
/* End PBXNativeTarget section */

/* Begin PBXProject section */
		7A1D0ADE20B9F7FC00854166 /* Project object */ = {
			isa = PBXProject;
			attributes = {
				LastUpgradeCheck = 0930;
				ORGANIZATIONNAME = "Mitchell Sullivan";
				TargetAttributes = {
					7A1D0AE520B9F7FC00854166 = {
						CreatedOnToolsVersion = 9.3.1;
					};
				};
			};
			buildConfigurationList = 7A1D0AE120B9F7FC00854166 /* Build configuration list for PBXProject "ZebraLink" */;
			compatibilityVersion = "Xcode 9.3";
			developmentRegion = en;
			hasScannedForEncodings = 0;
			knownRegions = (
				en,
			);
			mainGroup = 7A1D0ADD20B9F7FC00854166;
			productRefGroup = 7A1D0AE720B9F7FC00854166 /* Products */;
			projectDirPath = "";
			projectReferences = (
				{
					ProductGroup = 7A64DBB720BB413B0094F940 /* Products */;
					ProjectRef = 7A64DBB620BB413B0094F940 /* React.xcodeproj */;
				},
			);
			projectRoot = "";
			targets = (
				7A1D0AE520B9F7FC00854166 /* ZebraLink */,
			);
		};
/* End PBXProject section */

/* Begin PBXReferenceProxy section */
		7A64DBCA20BB413B0094F940 /* libReact.a */ = {
			isa = PBXReferenceProxy;
			fileType = archive.ar;
			path = libReact.a;
			remoteRef = 7A64DBC920BB413B0094F940 /* PBXContainerItemProxy */;
			sourceTree = BUILT_PRODUCTS_DIR;
		};
		7A64DBCC20BB413B0094F940 /* libReact.a */ = {
			isa = PBXReferenceProxy;
			fileType = archive.ar;
			path = libReact.a;
			remoteRef = 7A64DBCB20BB413B0094F940 /* PBXContainerItemProxy */;
			sourceTree = BUILT_PRODUCTS_DIR;
		};
		7A64DBCE20BB413B0094F940 /* libyoga.a */ = {
			isa = PBXReferenceProxy;
			fileType = archive.ar;
			path = libyoga.a;
			remoteRef = 7A64DBCD20BB413B0094F940 /* PBXContainerItemProxy */;
			sourceTree = BUILT_PRODUCTS_DIR;
		};
		7A64DBD020BB413B0094F940 /* libyoga.a */ = {
			isa = PBXReferenceProxy;
			fileType = archive.ar;
			path = libyoga.a;
			remoteRef = 7A64DBCF20BB413B0094F940 /* PBXContainerItemProxy */;
			sourceTree = BUILT_PRODUCTS_DIR;
		};
		7A64DBD220BB413B0094F940 /* libcxxreact.a */ = {
			isa = PBXReferenceProxy;
			fileType = archive.ar;
			path = libcxxreact.a;
			remoteRef = 7A64DBD120BB413B0094F940 /* PBXContainerItemProxy */;
			sourceTree = BUILT_PRODUCTS_DIR;
		};
		7A64DBD420BB413B0094F940 /* libcxxreact.a */ = {
			isa = PBXReferenceProxy;
			fileType = archive.ar;
			path = libcxxreact.a;
			remoteRef = 7A64DBD320BB413B0094F940 /* PBXContainerItemProxy */;
			sourceTree = BUILT_PRODUCTS_DIR;
		};
		7A64DBD620BB413B0094F940 /* libjschelpers.a */ = {
			isa = PBXReferenceProxy;
			fileType = archive.ar;
			path = libjschelpers.a;
			remoteRef = 7A64DBD520BB413B0094F940 /* PBXContainerItemProxy */;
			sourceTree = BUILT_PRODUCTS_DIR;
		};
		7A64DBD820BB413B0094F940 /* libjschelpers.a */ = {
			isa = PBXReferenceProxy;
			fileType = archive.ar;
			path = libjschelpers.a;
			remoteRef = 7A64DBD720BB413B0094F940 /* PBXContainerItemProxy */;
			sourceTree = BUILT_PRODUCTS_DIR;
		};
		7A64DBDA20BB413B0094F940 /* libjsinspector.a */ = {
			isa = PBXReferenceProxy;
			fileType = archive.ar;
			path = libjsinspector.a;
			remoteRef = 7A64DBD920BB413B0094F940 /* PBXContainerItemProxy */;
			sourceTree = BUILT_PRODUCTS_DIR;
		};
		7A64DBDC20BB413B0094F940 /* libjsinspector-tvOS.a */ = {
			isa = PBXReferenceProxy;
			fileType = archive.ar;
			path = "libjsinspector-tvOS.a";
			remoteRef = 7A64DBDB20BB413B0094F940 /* PBXContainerItemProxy */;
			sourceTree = BUILT_PRODUCTS_DIR;
		};
		7A64DBDE20BB413B0094F940 /* libthird-party.a */ = {
			isa = PBXReferenceProxy;
			fileType = archive.ar;
			path = "libthird-party.a";
			remoteRef = 7A64DBDD20BB413B0094F940 /* PBXContainerItemProxy */;
			sourceTree = BUILT_PRODUCTS_DIR;
		};
		7A64DBE020BB413B0094F940 /* libthird-party.a */ = {
			isa = PBXReferenceProxy;
			fileType = archive.ar;
			path = "libthird-party.a";
			remoteRef = 7A64DBDF20BB413B0094F940 /* PBXContainerItemProxy */;
			sourceTree = BUILT_PRODUCTS_DIR;
		};
		7A64DBE220BB413B0094F940 /* libdouble-conversion.a */ = {
			isa = PBXReferenceProxy;
			fileType = archive.ar;
			path = "libdouble-conversion.a";
			remoteRef = 7A64DBE120BB413B0094F940 /* PBXContainerItemProxy */;
			sourceTree = BUILT_PRODUCTS_DIR;
		};
		7A64DBE420BB413B0094F940 /* libdouble-conversion.a */ = {
			isa = PBXReferenceProxy;
			fileType = archive.ar;
			path = "libdouble-conversion.a";
			remoteRef = 7A64DBE320BB413B0094F940 /* PBXContainerItemProxy */;
			sourceTree = BUILT_PRODUCTS_DIR;
		};
		7A64DBE620BB413B0094F940 /* libprivatedata.a */ = {
			isa = PBXReferenceProxy;
			fileType = archive.ar;
			path = libprivatedata.a;
			remoteRef = 7A64DBE520BB413B0094F940 /* PBXContainerItemProxy */;
			sourceTree = BUILT_PRODUCTS_DIR;
		};
		7A64DBE820BB413B0094F940 /* libprivatedata-tvOS.a */ = {
			isa = PBXReferenceProxy;
			fileType = archive.ar;
			path = "libprivatedata-tvOS.a";
			remoteRef = 7A64DBE720BB413B0094F940 /* PBXContainerItemProxy */;
			sourceTree = BUILT_PRODUCTS_DIR;
		};
/* End PBXReferenceProxy section */

/* Begin PBXSourcesBuildPhase section */
		7A1D0AE220B9F7FC00854166 /* Sources */ = {
			isa = PBXSourcesBuildPhase;
			buildActionMask = 2147483647;
			files = (
				7A1D0AEB20B9F7FC00854166 /* ZebraLink.m in Sources */,
			);
			runOnlyForDeploymentPostprocessing = 0;
		};
/* End PBXSourcesBuildPhase section */

/* Begin PBXTargetDependency section */
		7A64DBEA20BB41490094F940 /* PBXTargetDependency */ = {
			isa = PBXTargetDependency;
			name = React;
			targetProxy = 7A64DBE920BB41490094F940 /* PBXContainerItemProxy */;
		};
/* End PBXTargetDependency section */

/* Begin XCBuildConfiguration section */
		7A1D0AED20B9F7FC00854166 /* Debug */ = {
			isa = XCBuildConfiguration;
			buildSettings = {
				ALWAYS_SEARCH_USER_PATHS = NO;
				CLANG_ANALYZER_NONNULL = YES;
				CLANG_ANALYZER_NUMBER_OBJECT_CONVERSION = YES_AGGRESSIVE;
				CLANG_CXX_LANGUAGE_STANDARD = "gnu++14";
				CLANG_CXX_LIBRARY = "libc++";
				CLANG_ENABLE_MODULES = YES;
				CLANG_ENABLE_OBJC_ARC = YES;
				CLANG_ENABLE_OBJC_WEAK = YES;
				CLANG_WARN_BLOCK_CAPTURE_AUTORELEASING = YES;
				CLANG_WARN_BOOL_CONVERSION = YES;
				CLANG_WARN_COMMA = YES;
				CLANG_WARN_CONSTANT_CONVERSION = YES;
				CLANG_WARN_DEPRECATED_OBJC_IMPLEMENTATIONS = YES;
				CLANG_WARN_DIRECT_OBJC_ISA_USAGE = YES_ERROR;
				CLANG_WARN_DOCUMENTATION_COMMENTS = YES;
				CLANG_WARN_EMPTY_BODY = YES;
				CLANG_WARN_ENUM_CONVERSION = YES;
				CLANG_WARN_INFINITE_RECURSION = YES;
				CLANG_WARN_INT_CONVERSION = YES;
				CLANG_WARN_NON_LITERAL_NULL_CONVERSION = YES;
				CLANG_WARN_OBJC_IMPLICIT_RETAIN_SELF = YES;
				CLANG_WARN_OBJC_LITERAL_CONVERSION = YES;
				CLANG_WARN_OBJC_ROOT_CLASS = YES_ERROR;
				CLANG_WARN_RANGE_LOOP_ANALYSIS = YES;
				CLANG_WARN_STRICT_PROTOTYPES = YES;
				CLANG_WARN_SUSPICIOUS_MOVE = YES;
				CLANG_WARN_UNGUARDED_AVAILABILITY = YES_AGGRESSIVE;
				CLANG_WARN_UNREACHABLE_CODE = YES;
				CLANG_WARN__DUPLICATE_METHOD_MATCH = YES;
				CODE_SIGN_IDENTITY = "iPhone Developer";
				COPY_PHASE_STRIP = NO;
				DEBUG_INFORMATION_FORMAT = dwarf;
				ENABLE_STRICT_OBJC_MSGSEND = YES;
				ENABLE_TESTABILITY = YES;
				GCC_C_LANGUAGE_STANDARD = gnu11;
				GCC_DYNAMIC_NO_PIC = NO;
				GCC_NO_COMMON_BLOCKS = YES;
				GCC_OPTIMIZATION_LEVEL = 0;
				GCC_PREPROCESSOR_DEFINITIONS = (
					"DEBUG=1",
					"$(inherited)",
				);
				GCC_WARN_64_TO_32_BIT_CONVERSION = YES;
				GCC_WARN_ABOUT_RETURN_TYPE = YES_ERROR;
				GCC_WARN_UNDECLARED_SELECTOR = YES;
				GCC_WARN_UNINITIALIZED_AUTOS = YES_AGGRESSIVE;
				GCC_WARN_UNUSED_FUNCTION = YES;
				GCC_WARN_UNUSED_VARIABLE = YES;
				"HEADER_SEARCH_PATHS[arch=*]" = "$(SRCROOT)/../Example/node_modules/react-native/React/**/**";
				"INFOPLIST_FILE[sdk=*]" = "";
				IPHONEOS_DEPLOYMENT_TARGET = 8.0;
				MTL_ENABLE_DEBUG_INFO = YES;
				ONLY_ACTIVE_ARCH = YES;
				SDKROOT = iphoneos;
				VALID_ARCHS = "arm64 armv7 armv7s X86_64";
			};
			name = Debug;
		};
		7A1D0AEE20B9F7FC00854166 /* Release */ = {
			isa = XCBuildConfiguration;
			buildSettings = {
				ALWAYS_SEARCH_USER_PATHS = NO;
				CLANG_ANALYZER_NONNULL = YES;
				CLANG_ANALYZER_NUMBER_OBJECT_CONVERSION = YES_AGGRESSIVE;
				CLANG_CXX_LANGUAGE_STANDARD = "gnu++14";
				CLANG_CXX_LIBRARY = "libc++";
				CLANG_ENABLE_MODULES = YES;
				CLANG_ENABLE_OBJC_ARC = YES;
				CLANG_ENABLE_OBJC_WEAK = YES;
				CLANG_WARN_BLOCK_CAPTURE_AUTORELEASING = YES;
				CLANG_WARN_BOOL_CONVERSION = YES;
				CLANG_WARN_COMMA = YES;
				CLANG_WARN_CONSTANT_CONVERSION = YES;
				CLANG_WARN_DEPRECATED_OBJC_IMPLEMENTATIONS = YES;
				CLANG_WARN_DIRECT_OBJC_ISA_USAGE = YES_ERROR;
				CLANG_WARN_DOCUMENTATION_COMMENTS = YES;
				CLANG_WARN_EMPTY_BODY = YES;
				CLANG_WARN_ENUM_CONVERSION = YES;
				CLANG_WARN_INFINITE_RECURSION = YES;
				CLANG_WARN_INT_CONVERSION = YES;
				CLANG_WARN_NON_LITERAL_NULL_CONVERSION = YES;
				CLANG_WARN_OBJC_IMPLICIT_RETAIN_SELF = YES;
				CLANG_WARN_OBJC_LITERAL_CONVERSION = YES;
				CLANG_WARN_OBJC_ROOT_CLASS = YES_ERROR;
				CLANG_WARN_RANGE_LOOP_ANALYSIS = YES;
				CLANG_WARN_STRICT_PROTOTYPES = YES;
				CLANG_WARN_SUSPICIOUS_MOVE = YES;
				CLANG_WARN_UNGUARDED_AVAILABILITY = YES_AGGRESSIVE;
				CLANG_WARN_UNREACHABLE_CODE = YES;
				CLANG_WARN__DUPLICATE_METHOD_MATCH = YES;
				CODE_SIGN_IDENTITY = "iPhone Developer";
				COPY_PHASE_STRIP = NO;
				DEBUG_INFORMATION_FORMAT = "dwarf-with-dsym";
				ENABLE_NS_ASSERTIONS = NO;
				ENABLE_STRICT_OBJC_MSGSEND = YES;
				GCC_C_LANGUAGE_STANDARD = gnu11;
				GCC_NO_COMMON_BLOCKS = YES;
				GCC_WARN_64_TO_32_BIT_CONVERSION = YES;
				GCC_WARN_ABOUT_RETURN_TYPE = YES_ERROR;
				GCC_WARN_UNDECLARED_SELECTOR = YES;
				GCC_WARN_UNINITIALIZED_AUTOS = YES_AGGRESSIVE;
				GCC_WARN_UNUSED_FUNCTION = YES;
				GCC_WARN_UNUSED_VARIABLE = YES;
				IPHONEOS_DEPLOYMENT_TARGET = 8.0;
				MTL_ENABLE_DEBUG_INFO = NO;
				SDKROOT = iphoneos;
				VALIDATE_PRODUCT = YES;
				VALID_ARCHS = "arm64 armv7 armv7s X86_64";
			};
			name = Release;
		};
		7A1D0AF020B9F7FC00854166 /* Debug */ = {
			isa = XCBuildConfiguration;
			buildSettings = {
				CODE_SIGN_STYLE = Automatic;
				DEVELOPMENT_TEAM = PLLBR2VK99;
				"HEADER_SEARCH_PATHS[arch=*]" = (
					"$(SRCROOT)/../Example/node_modules/react-native/React/**",
					"/Applications/link_os_sdk/iOS/v1.5.1049/lib/include/**",
				);
				"INFOPLIST_FILE[sdk=*]" = "";
				LIBRARY_SEARCH_PATHS = (
					"$(inherited)",
					"$(PROJECT_DIR)",
				);
				OTHER_LDFLAGS = "-ObjC";
				PRODUCT_NAME = "$(TARGET_NAME)";
				SKIP_INSTALL = YES;
				TARGETED_DEVICE_FAMILY = "1,2";
			};
			name = Debug;
		};
		7A1D0AF120B9F7FC00854166 /* Release */ = {
			isa = XCBuildConfiguration;
			buildSettings = {
				CODE_SIGN_STYLE = Automatic;
				DEVELOPMENT_TEAM = PLLBR2VK99;
				LIBRARY_SEARCH_PATHS = (
					"$(inherited)",
					"$(PROJECT_DIR)",
				);
				OTHER_LDFLAGS = "-ObjC";
				PRODUCT_NAME = "$(TARGET_NAME)";
				SKIP_INSTALL = YES;
				TARGETED_DEVICE_FAMILY = "1,2";
			};
			name = Release;
		};
/* End XCBuildConfiguration section */

/* Begin XCConfigurationList section */
		7A1D0AE120B9F7FC00854166 /* Build configuration list for PBXProject "ZebraLink" */ = {
			isa = XCConfigurationList;
			buildConfigurations = (
				7A1D0AED20B9F7FC00854166 /* Debug */,
				7A1D0AEE20B9F7FC00854166 /* Release */,
			);
			defaultConfigurationIsVisible = 0;
			defaultConfigurationName = Debug;
		};
		7A1D0AEF20B9F7FC00854166 /* Build configuration list for PBXNativeTarget "ZebraLink" */ = {
			isa = XCConfigurationList;
			buildConfigurations = (
				7A1D0AF020B9F7FC00854166 /* Debug */,
				7A1D0AF120B9F7FC00854166 /* Release */,
			);
			defaultConfigurationIsVisible = 0;
			defaultConfigurationName = Debug;
		};
/* End XCConfigurationList section */
	};
	rootObject = 7A1D0ADE20B9F7FC00854166 /* Project object */;
}
