// !$*UTF8*$!
{
	archiveVersion = 1;
	classes = {
	};
	objectVersion = 50;
	objects = {

/* Begin PBXBuildFile section */
		7A1D0AEB20B9F7FC00854166 /* ZebraLink.m in Sources */ = {isa = PBXBuildFile; fileRef = 7A1D0AEA20B9F7FC00854166 /* ZebraLink.m */; };
		7A1D0AEC20B9F7FC00854166 /* ZebraLink.h in CopyFiles */ = {isa = PBXBuildFile; fileRef = 7A1D0AE920B9F7FC00854166 /* ZebraLink.h */; };
/* End PBXBuildFile section */

/* Begin PBXCopyFilesBuildPhase section */
		7A1D0AE420B9F7FC00854166 /* CopyFiles */ = {
			isa = PBXCopyFilesBuildPhase;
			buildActionMask = 2147483647;
			dstPath = "include/$(PRODUCT_NAME)";
			dstSubfolderSpec = 16;
			files = (
				7A1D0AEC20B9F7FC00854166 /* ZebraLink.h in CopyFiles */,
			);
			runOnlyForDeploymentPostprocessing = 0;
		};
/* End PBXCopyFilesBuildPhase section */

/* Begin PBXFileReference section */
		7A1D0AE620B9F7FC00854166 /* libZebraLink.a */ = {isa = PBXFileReference; explicitFileType = archive.ar; includeInIndex = 0; path = libZebraLink.a; sourceTree = BUILT_PRODUCTS_DIR; };
		7A1D0AE920B9F7FC00854166 /* ZebraLink.h */ = {isa = PBXFileReference; lastKnownFileType = sourcecode.c.h; path = ZebraLink.h; sourceTree = "<group>"; };
		7A1D0AEA20B9F7FC00854166 /* ZebraLink.m */ = {isa = PBXFileReference; lastKnownFileType = sourcecode.c.objc; path = ZebraLink.m; sourceTree = "<group>"; };
		7AD242A420BA21FD00A1055D /* libZSDK_API.a */ = {isa = PBXFileReference; lastKnownFileType = archive.ar; path = libZSDK_API.a; sourceTree = "<group>"; };
/* End PBXFileReference section */

/* Begin PBXFrameworksBuildPhase section */
		7A1D0AE320B9F7FC00854166 /* Frameworks */ = {
			isa = PBXFrameworksBuildPhase;
			buildActionMask = 2147483647;
			files = (
			);
			runOnlyForDeploymentPostprocessing = 0;
		};
/* End PBXFrameworksBuildPhase section */

/* Begin PBXGroup section */
		7A1D0ADD20B9F7FC00854166 = {
			isa = PBXGroup;
			children = (
				7A4A82DA20BA57EC00CE8D9A /* Libraries */,
				7AD242A320BA21F500A1055D /* Frameworks */,
				7A1D0AE820B9F7FC00854166 /* ZebraLink */,
				7A1D0AE720B9F7FC00854166 /* Products */,
			);
			sourceTree = "<group>";
		};
		7A1D0AE720B9F7FC00854166 /* Products */ = {
			isa = PBXGroup;
			children = (
				7A1D0AE620B9F7FC00854166 /* libZebraLink.a */,
			);
			name = Products;
			sourceTree = "<group>";
		};
		7A1D0AE820B9F7FC00854166 /* ZebraLink */ = {
			isa = PBXGroup;
			children = (
				7A1D0AE920B9F7FC00854166 /* ZebraLink.h */,
				7A1D0AEA20B9F7FC00854166 /* ZebraLink.m */,
			);
			path = ZebraLink;
			sourceTree = "<group>";
		};
		7A4A82DA20BA57EC00CE8D9A /* Libraries */ = {
			isa = PBXGroup;
			children = (
			);
			path = Libraries;
			sourceTree = "<group>";
		};
		7AD242A320BA21F500A1055D /* Frameworks */ = {
			isa = PBXGroup;
			children = (
				7AD242A420BA21FD00A1055D /* libZSDK_API.a */,
			);
			path = Frameworks;
			sourceTree = "<group>";
		};
/* End PBXGroup section */

/* Begin PBXNativeTarget section */
		7A1D0AE520B9F7FC00854166 /* ZebraLink */ = {
			isa = PBXNativeTarget;
			buildConfigurationList = 7A1D0AEF20B9F7FC00854166 /* Build configuration list for PBXNativeTarget "ZebraLink" */;
			buildPhases = (
				7A1D0AE220B9F7FC00854166 /* Sources */,
				7A1D0AE320B9F7FC00854166 /* Frameworks */,
				7A1D0AE420B9F7FC00854166 /* CopyFiles */,
			);
			buildRules = (
			);
			dependencies = (
			);
			name = ZebraLink;
			productName = RNZebraLink;
			productReference = 7A1D0AE620B9F7FC00854166 /* libZebraLink.a */;
			productType = "com.apple.product-type.library.static";
		};
/* End PBXNativeTarget section */

/* Begin PBXProject section */
		7A1D0ADE20B9F7FC00854166 /* Project object */ = {
			isa = PBXProject;
			attributes = {
				LastUpgradeCheck = 0930;
				ORGANIZATIONNAME = "Mitchell Sullivan";
				TargetAttributes = {
					7A1D0AE520B9F7FC00854166 = {
						CreatedOnToolsVersion = 9.3.1;
					};
				};
			};
			buildConfigurationList = 7A1D0AE120B9F7FC00854166 /* Build configuration list for PBXProject "ZebraLink" */;
			compatibilityVersion = "Xcode 9.3";
			developmentRegion = en;
			hasScannedForEncodings = 0;
			knownRegions = (
				en,
			);
			mainGroup = 7A1D0ADD20B9F7FC00854166;
			productRefGroup = 7A1D0AE720B9F7FC00854166 /* Products */;
			projectDirPath = "";
			projectRoot = "";
			targets = (
				7A1D0AE520B9F7FC00854166 /* ZebraLink */,
			);
		};
/* End PBXProject section */

/* Begin PBXSourcesBuildPhase section */
		7A1D0AE220B9F7FC00854166 /* Sources */ = {
			isa = PBXSourcesBuildPhase;
			buildActionMask = 2147483647;
			files = (
				7A1D0AEB20B9F7FC00854166 /* ZebraLink.m in Sources */,
			);
			runOnlyForDeploymentPostprocessing = 0;
		};
/* End PBXSourcesBuildPhase section */

/* Begin XCBuildConfiguration section */
		7A1D0AED20B9F7FC00854166 /* Debug */ = {
			isa = XCBuildConfiguration;
			buildSettings = {
				ALWAYS_SEARCH_USER_PATHS = NO;
				CLANG_ANALYZER_NONNULL = YES;
				CLANG_ANALYZER_NUMBER_OBJECT_CONVERSION = YES_AGGRESSIVE;
				CLANG_CXX_LANGUAGE_STANDARD = "gnu++14";
				CLANG_CXX_LIBRARY = "libc++";
				CLANG_ENABLE_MODULES = YES;
				CLANG_ENABLE_OBJC_ARC = YES;
				CLANG_ENABLE_OBJC_WEAK = YES;
				CLANG_WARN_BLOCK_CAPTURE_AUTORELEASING = YES;
				CLANG_WARN_BOOL_CONVERSION = YES;
				CLANG_WARN_COMMA = YES;
				CLANG_WARN_CONSTANT_CONVERSION = YES;
				CLANG_WARN_DEPRECATED_OBJC_IMPLEMENTATIONS = YES;
				CLANG_WARN_DIRECT_OBJC_ISA_USAGE = YES_ERROR;
				CLANG_WARN_DOCUMENTATION_COMMENTS = YES;
				CLANG_WARN_EMPTY_BODY = YES;
				CLANG_WARN_ENUM_CONVERSION = YES;
				CLANG_WARN_INFINITE_RECURSION = YES;
				CLANG_WARN_INT_CONVERSION = YES;
				CLANG_WARN_NON_LITERAL_NULL_CONVERSION = YES;
				CLANG_WARN_OBJC_IMPLICIT_RETAIN_SELF = YES;
				CLANG_WARN_OBJC_LITERAL_CONVERSION = YES;
				CLANG_WARN_OBJC_ROOT_CLASS = YES_ERROR;
				CLANG_WARN_RANGE_LOOP_ANALYSIS = YES;
				CLANG_WARN_STRICT_PROTOTYPES = YES;
				CLANG_WARN_SUSPICIOUS_MOVE = YES;
				CLANG_WARN_UNGUARDED_AVAILABILITY = YES_AGGRESSIVE;
				CLANG_WARN_UNREACHABLE_CODE = YES;
				CLANG_WARN__DUPLICATE_METHOD_MATCH = YES;
				CODE_SIGN_IDENTITY = "iPhone Developer";
				COPY_PHASE_STRIP = NO;
				DEBUG_INFORMATION_FORMAT = dwarf;
				ENABLE_STRICT_OBJC_MSGSEND = YES;
				ENABLE_TESTABILITY = YES;
				GCC_C_LANGUAGE_STANDARD = gnu11;
				GCC_DYNAMIC_NO_PIC = NO;
				GCC_NO_COMMON_BLOCKS = YES;
				GCC_OPTIMIZATION_LEVEL = 0;
				GCC_PREPROCESSOR_DEFINITIONS = (
					"DEBUG=1",
					"$(inherited)",
				);
				GCC_WARN_64_TO_32_BIT_CONVERSION = YES;
				GCC_WARN_ABOUT_RETURN_TYPE = YES_ERROR;
				GCC_WARN_UNDECLARED_SELECTOR = YES;
				GCC_WARN_UNINITIALIZED_AUTOS = YES_AGGRESSIVE;
				GCC_WARN_UNUSED_FUNCTION = YES;
				GCC_WARN_UNUSED_VARIABLE = YES;
				"HEADER_SEARCH_PATHS[arch=*]" = "$(SRCROOT)/../Example/node_modules/react-native/React/**/**";
				"INFOPLIST_FILE[sdk=*]" = "";
				IPHONEOS_DEPLOYMENT_TARGET = 8.0;
				MTL_ENABLE_DEBUG_INFO = YES;
				ONLY_ACTIVE_ARCH = YES;
				SDKROOT = iphoneos;
				VALID_ARCHS = "arm64 armv7 armv7s X86_64";
			};
			name = Debug;
		};
		7A1D0AEE20B9F7FC00854166 /* Release */ = {
			isa = XCBuildConfiguration;
			buildSettings = {
				ALWAYS_SEARCH_USER_PATHS = NO;
				CLANG_ANALYZER_NONNULL = YES;
				CLANG_ANALYZER_NUMBER_OBJECT_CONVERSION = YES_AGGRESSIVE;
				CLANG_CXX_LANGUAGE_STANDARD = "gnu++14";
				CLANG_CXX_LIBRARY = "libc++";
				CLANG_ENABLE_MODULES = YES;
				CLANG_ENABLE_OBJC_ARC = YES;
				CLANG_ENABLE_OBJC_WEAK = YES;
				CLANG_WARN_BLOCK_CAPTURE_AUTORELEASING = YES;
				CLANG_WARN_BOOL_CONVERSION = YES;
				CLANG_WARN_COMMA = YES;
				CLANG_WARN_CONSTANT_CONVERSION = YES;
				CLANG_WARN_DEPRECATED_OBJC_IMPLEMENTATIONS = YES;
				CLANG_WARN_DIRECT_OBJC_ISA_USAGE = YES_ERROR;
				CLANG_WARN_DOCUMENTATION_COMMENTS = YES;
				CLANG_WARN_EMPTY_BODY = YES;
				CLANG_WARN_ENUM_CONVERSION = YES;
				CLANG_WARN_INFINITE_RECURSION = YES;
				CLANG_WARN_INT_CONVERSION = YES;
				CLANG_WARN_NON_LITERAL_NULL_CONVERSION = YES;
				CLANG_WARN_OBJC_IMPLICIT_RETAIN_SELF = YES;
				CLANG_WARN_OBJC_LITERAL_CONVERSION = YES;
				CLANG_WARN_OBJC_ROOT_CLASS = YES_ERROR;
				CLANG_WARN_RANGE_LOOP_ANALYSIS = YES;
				CLANG_WARN_STRICT_PROTOTYPES = YES;
				CLANG_WARN_SUSPICIOUS_MOVE = YES;
				CLANG_WARN_UNGUARDED_AVAILABILITY = YES_AGGRESSIVE;
				CLANG_WARN_UNREACHABLE_CODE = YES;
				CLANG_WARN__DUPLICATE_METHOD_MATCH = YES;
				CODE_SIGN_IDENTITY = "iPhone Developer";
				COPY_PHASE_STRIP = NO;
				DEBUG_INFORMATION_FORMAT = "dwarf-with-dsym";
				ENABLE_NS_ASSERTIONS = NO;
				ENABLE_STRICT_OBJC_MSGSEND = YES;
				GCC_C_LANGUAGE_STANDARD = gnu11;
				GCC_NO_COMMON_BLOCKS = YES;
				GCC_WARN_64_TO_32_BIT_CONVERSION = YES;
				GCC_WARN_ABOUT_RETURN_TYPE = YES_ERROR;
				GCC_WARN_UNDECLARED_SELECTOR = YES;
				GCC_WARN_UNINITIALIZED_AUTOS = YES_AGGRESSIVE;
				GCC_WARN_UNUSED_FUNCTION = YES;
				GCC_WARN_UNUSED_VARIABLE = YES;
				IPHONEOS_DEPLOYMENT_TARGET = 8.0;
				MTL_ENABLE_DEBUG_INFO = NO;
				SDKROOT = iphoneos;
				VALIDATE_PRODUCT = YES;
				VALID_ARCHS = "arm64 armv7 armv7s X86_64";
			};
			name = Release;
		};
		7A1D0AF020B9F7FC00854166 /* Debug */ = {
			isa = XCBuildConfiguration;
			buildSettings = {
				CODE_SIGN_STYLE = Automatic;
				DEVELOPMENT_TEAM = PLLBR2VK99;
				"HEADER_SEARCH_PATHS[arch=*]" = "${SRCROOT}/../../../ios/Pods/Headers";
				"INFOPLIST_FILE[sdk=*]" = "";
				LIBRARY_SEARCH_PATHS = (
					"$(inherited)",
					"$(PROJECT_DIR)",
				);
				OTHER_LDFLAGS = "-ObjC";
				PRODUCT_NAME = "$(TARGET_NAME)";
				SKIP_INSTALL = YES;
				TARGETED_DEVICE_FAMILY = "1,2";
			};
			name = Debug;
		};
		7A1D0AF120B9F7FC00854166 /* Release */ = {
			isa = XCBuildConfiguration;
			buildSettings = {
				CODE_SIGN_STYLE = Automatic;
				DEVELOPMENT_TEAM = PLLBR2VK99;
				LIBRARY_SEARCH_PATHS = (
					"$(inherited)",
					"$(PROJECT_DIR)",
				);
				OTHER_LDFLAGS = "-ObjC";
				PRODUCT_NAME = "$(TARGET_NAME)";
				SKIP_INSTALL = YES;
				TARGETED_DEVICE_FAMILY = "1,2";
			};
			name = Release;
		};
/* End XCBuildConfiguration section */

/* Begin XCConfigurationList section */
		7A1D0AE120B9F7FC00854166 /* Build configuration list for PBXProject "ZebraLink" */ = {
			isa = XCConfigurationList;
			buildConfigurations = (
				7A1D0AED20B9F7FC00854166 /* Debug */,
				7A1D0AEE20B9F7FC00854166 /* Release */,
			);
			defaultConfigurationIsVisible = 0;
			defaultConfigurationName = Debug;
		};
		7A1D0AEF20B9F7FC00854166 /* Build configuration list for PBXNativeTarget "ZebraLink" */ = {
			isa = XCConfigurationList;
			buildConfigurations = (
				7A1D0AF020B9F7FC00854166 /* Debug */,
				7A1D0AF120B9F7FC00854166 /* Release */,
			);
			defaultConfigurationIsVisible = 0;
			defaultConfigurationName = Debug;
		};
/* End XCConfigurationList section */
	};
	rootObject = 7A1D0ADE20B9F7FC00854166 /* Project object */;
}
